
Microsoft Visual Studio Solution File, Format Version 12.00
# Visual Studio Version 16
VisualStudioVersion = 16.0.31112.23
MinimumVisualStudioVersion = 10.0.40219.1
Project("{FAE04EC0-301F-11D3-BF4B-00C04F79EFBC}") = "WindowsFormsApp1", "WindowsFormsApp1\WindowsFormsApp1.csproj", "{97C7D454-FAFB-4A12-972E-880C4DBFDEE4}"
EndProject
Global
	GlobalSection(SolutionConfigurationPlatforms) = preSolution
		Debug|Any CPU = Debug|Any CPU
		Release|Any CPU = Release|Any CPU
	EndGlobalSection
	GlobalSection(ProjectConfigurationPlatforms) = postSolution
		{97C7D454-FAFB-4A12-972E-880C4DBFDEE4}.Debug|Any CPU.ActiveCfg = Debug|Any CPU
		{97C7D454-FAFB-4A12-972E-880C4DBFDEE4}.Debug|Any CPU.Build.0 = Debug|Any CPU
		{97C7D454-FAFB-4A12-972E-880C4DBFDEE4}.Release|Any CPU.ActiveCfg = Release|Any CPU
		{97C7D454-FAFB-4A12-972E-880C4DBFDEE4}.Release|Any CPU.Build.0 = Release|Any CPU
	EndGlobalSection
	GlobalSection(SolutionProperties) = preSolution
		HideSolutionNode = FALSE
	EndGlobalSection
	GlobalSection(ExtensibilityGlobals) = postSolution
		SolutionGuid = {C683E06D-6C39-49D7-B350-B8816ECA95DF}
	EndGlobalSection
EndGlobal
